
Microsoft Visual Studio Solution File, Format Version 12.00
# Visual Studio Version 16
VisualStudioVersion = 16.0.29609.76
MinimumVisualStudioVersion = 10.0.40219.1
Project("{FAE04EC0-301F-11D3-BF4B-00C04F79EFBC}") = "DemoAppInsights", "DemoAppInsights\DemoAppInsights.csproj", "{197BE819-C883-42C6-A457-F5D59A428F09}"
EndProject
Global
	GlobalSection(SolutionConfigurationPlatforms) = preSolution
		Debug|Any CPU = Debug|Any CPU
		Release|Any CPU = Release|Any CPU
	EndGlobalSection
	GlobalSection(ProjectConfigurationPlatforms) = postSolution
		{197BE819-C883-42C6-A457-F5D59A428F09}.Debug|Any CPU.ActiveCfg = Debug|Any CPU
		{197BE819-C883-42C6-A457-F5D59A428F09}.Debug|Any CPU.Build.0 = Debug|Any CPU
		{197BE819-C883-42C6-A457-F5D59A428F09}.Release|Any CPU.ActiveCfg = Release|Any CPU
		{197BE819-C883-42C6-A457-F5D59A428F09}.Release|Any CPU.Build.0 = Release|Any CPU
	EndGlobalSection
	GlobalSection(SolutionProperties) = preSolution
		HideSolutionNode = FALSE
	EndGlobalSection
	GlobalSection(ExtensibilityGlobals) = postSolution
		SolutionGuid = {D1C88E3A-E75F-4709-8871-24DAB88D607C}
	EndGlobalSection
EndGlobal
